# THIS IS AN AUTOGENERATED FILE. DO NOT EDIT THIS FILE DIRECTLY.
# yarn lockfile v1


binpack@~0:
  version "0.1.0"
  resolved "https://registry.yarnpkg.com/binpack/-/binpack-0.1.0.tgz#bd3d0974c3f2a0446e17df4f60b55a72a205a97e"
  integrity sha1-vT0JdMPyoERuF99PYLVacqIFqX4=

jspack@0.0.4:
  version "0.0.4"
  resolved "https://registry.yarnpkg.com/jspack/-/jspack-0.0.4.tgz#32dd35c7fdcb3e3456c18fbb7ef9ed0bc6238177"
  integrity sha1-Mt01x/3LPjRWwY+7fvntC8YjgXc=

node-osc@^4.1.0:
  version "4.1.0"
  resolved "https://registry.yarnpkg.com/node-osc/-/node-osc-4.1.0.tgz#ac5a6b9676e8a0f1f679cd8f2a5aac91d3e8a028"
  integrity sha512-VXMbmLMFxLt2rbUWxCLcq5nEcSXf6Zxyepzh6Vh6zDeIO/xBNqH5X1R6DuoITi4WOs1ae6VKu3ZwQJDN5D+Cdg==
  dependencies:
    jspack "0.0.4"
    osc-min "^1.1.1"

osc-min@^1.1.1:
  version "1.1.1"
  resolved "https://registry.yarnpkg.com/osc-min/-/osc-min-1.1.1.tgz#8580443a3abb02f73254f5a286340dcbe3cf3f07"
  integrity sha1-hYBEOjq7AvcyVPWihjQNy+PPPwc=
  dependencies:
    binpack "~0"
